
Microsoft Visual Studio Solution File, Format Version 12.00
# Visual Studio Version 16
VisualStudioVersion = 16.0.30503.244
MinimumVisualStudioVersion = 10.0.40219.1
Project("{8BC9CEB8-8B4A-11D0-8D11-00A0C91BC942}") = "MovieNight", "MovieNight\MovieNight.vcxproj", "{5093CEE2-53B7-4B3B-89CC-6F5D38F6B14E}"
EndProject
Global
	GlobalSection(SolutionConfigurationPlatforms) = preSolution
		Debug|x64 = Debug|x64
		Debug|x86 = Debug|x86
		Release|x64 = Release|x64
		Release|x86 = Release|x86
	EndGlobalSection
	GlobalSection(ProjectConfigurationPlatforms) = postSolution
		{5093CEE2-53B7-4B3B-89CC-6F5D38F6B14E}.Debug|x64.ActiveCfg = Debug|x64
		{5093CEE2-53B7-4B3B-89CC-6F5D38F6B14E}.Debug|x64.Build.0 = Debug|x64
		{5093CEE2-53B7-4B3B-89CC-6F5D38F6B14E}.Debug|x86.ActiveCfg = Debug|Win32
		{5093CEE2-53B7-4B3B-89CC-6F5D38F6B14E}.Debug|x86.Build.0 = Debug|Win32
		{5093CEE2-53B7-4B3B-89CC-6F5D38F6B14E}.Release|x64.ActiveCfg = Release|x64
		{5093CEE2-53B7-4B3B-89CC-6F5D38F6B14E}.Release|x64.Build.0 = Release|x64
		{5093CEE2-53B7-4B3B-89CC-6F5D38F6B14E}.Release|x86.ActiveCfg = Release|Win32
		{5093CEE2-53B7-4B3B-89CC-6F5D38F6B14E}.Release|x86.Build.0 = Release|Win32
	EndGlobalSection
	GlobalSection(SolutionProperties) = preSolution
		HideSolutionNode = FALSE
	EndGlobalSection
	GlobalSection(ExtensibilityGlobals) = postSolution
		SolutionGuid = {48729473-C871-49C5-9D22-D08888C68456}
	EndGlobalSection
EndGlobal
